PODS:
  - FontAwesomeKit (2.2.1):
    - FontAwesomeKit/Core (= 2.2.1)
    - FontAwesomeKit/FontAwesome (= 2.2.1)
    - FontAwesomeKit/FoundationIcons (= 2.2.1)
    - FontAwesomeKit/IonIcons (= 2.2.1)
    - FontAwesomeKit/Material (= 2.2.1)
    - FontAwesomeKit/Octicons (= 2.2.1)
    - FontAwesomeKit/Zocial (= 2.2.1)
  - FontAwesomeKit/Core (2.2.1)
  - FontAwesomeKit/FontAwesome (2.2.1):
    - FontAwesomeKit/Core
  - FontAwesomeKit/FoundationIcons (2.2.1):
    - FontAwesomeKit/Core
  - FontAwesomeKit/IonIcons (2.2.1):
    - FontAwesomeKit/Core
  - FontAwesomeKit/Material (2.2.1):
    - FontAwesomeKit/Core
  - FontAwesomeKit/Octicons (2.2.1):
    - FontAwesomeKit/Core
  - FontAwesomeKit/Zocial (2.2.1):
    - FontAwesomeKit/Core
  - Genome (2.0.4):
    - PureJsonSerializer (~> 1.0.0)
  - Intrepid (0.3.3):
    - Intrepid/Core (= 0.3.3)
  - Intrepid/Core (0.3.3):
    - IP-UIKit-Wisdom (= 0.0.9)
  - IP-UIKit-Wisdom (0.0.9)
  - Kingfisher (2.4.1)
  - MBProgressHUD (0.9.2)
  - PureJsonSerializer (1.0.2)

DEPENDENCIES:
  - FontAwesomeKit (from `git@github.com:PrideChung/FontAwesomeKit.git`, branch `master`)
  - Genome
  - Intrepid
  - Kingfisher
  - MBProgressHUD

EXTERNAL SOURCES:
  FontAwesomeKit:
    :branch: master
    :git: git@github.com:PrideChung/FontAwesomeKit.git

CHECKOUT OPTIONS:
  FontAwesomeKit:
    :commit: eac30313fee77f6db1b6832b1d4b7d8f2007b381
    :git: git@github.com:PrideChung/FontAwesomeKit.git

SPEC CHECKSUMS:
  FontAwesomeKit: 3614979b3dbb0ec3f7fac1bd760b91f66c31db67
  Genome: ee22f71d87eefac0f622f77e75d1fef7f7fa12e7
  Intrepid: bb00953ec36cfb8920742dd346e377d950189016
  IP-UIKit-Wisdom: cd9838571e97427a0c61c05d856eaaca9afd7c1a
  Kingfisher: 41aed5b6c1ed8fa98cf6d75283ce89cf7890f517
  MBProgressHUD: 1569cf7ace17a8bac47aabfbb8580a49690386d1
  PureJsonSerializer: 81d6bc0e21ed4b837193279aa3d29981f75f9057

PODFILE CHECKSUM: a19d7ab1631aaae72e89d4e0cf093988341c0e9f

COCOAPODS: 1.0.0
