// !$*UTF8*$!
{
	archiveVersion = 1;
	classes = {
	};
	objectVersion = 46;
	objects = {

/* Begin PBXBuildFile section */
		94BAC76211553E5068AFA487 /* Pods_spotifyMini.framework in Frameworks */ = {isa = PBXBuildFile; fileRef = E1500CA6C361146D1E72F80A /* Pods_spotifyMini.framework */; };
		B81F7F9C1CDA99E30092F13D /* ArtistSearchTableViewController.swift in Sources */ = {isa = PBXBuildFile; fileRef = B81F7F9B1CDA99E30092F13D /* ArtistSearchTableViewController.swift */; };
		B82462A41CE3C6AF009462F6 /* TrackAnalysis.swift in Sources */ = {isa = PBXBuildFile; fileRef = B82462A31CE3C6AF009462F6 /* TrackAnalysis.swift */; };
		B84D372B1CDBB809006313C2 /* PopularTrackTableViewCell.swift in Sources */ = {isa = PBXBuildFile; fileRef = B84D372A1CDBB809006313C2 /* PopularTrackTableViewCell.swift */; };
		B84D372D1CDBB862006313C2 /* PopularTrackTableViewCell.xib in Resources */ = {isa = PBXBuildFile; fileRef = B84D372C1CDBB862006313C2 /* PopularTrackTableViewCell.xib */; };
		B87193221CE21C1000D17885 /* Artist.swift in Sources */ = {isa = PBXBuildFile; fileRef = B87193211CE21C1000D17885 /* Artist.swift */; };
		B87193251CE2302E00D17885 /* SpotifyError.swift in Sources */ = {isa = PBXBuildFile; fileRef = B87193241CE2302E00D17885 /* SpotifyError.swift */; };
		B8A639991CE1145F00F3D8C4 /* Spotify.swift in Sources */ = {isa = PBXBuildFile; fileRef = B8A639981CE1145F00F3D8C4 /* Spotify.swift */; };
		B8A7E0CB1CDA4AB300E10028 /* AppDelegate.swift in Sources */ = {isa = PBXBuildFile; fileRef = B8A7E0CA1CDA4AB300E10028 /* AppDelegate.swift */; };
		B8A7E0D01CDA4AB300E10028 /* Main.storyboard in Resources */ = {isa = PBXBuildFile; fileRef = B8A7E0CE1CDA4AB300E10028 /* Main.storyboard */; };
		B8A7E0D21CDA4AB300E10028 /* Assets.xcassets in Resources */ = {isa = PBXBuildFile; fileRef = B8A7E0D11CDA4AB300E10028 /* Assets.xcassets */; };
		B8A7E0D51CDA4AB300E10028 /* LaunchScreen.storyboard in Resources */ = {isa = PBXBuildFile; fileRef = B8A7E0D31CDA4AB300E10028 /* LaunchScreen.storyboard */; };
		B8A7E0E31CDA51AE00E10028 /* Spotify.framework in Frameworks */ = {isa = PBXBuildFile; fileRef = B8A7E0E21CDA51AE00E10028 /* Spotify.framework */; };
		B8AC3ACB1CDB804400914FAE /* ArtistViewController.swift in Sources */ = {isa = PBXBuildFile; fileRef = B8AC3ACA1CDB804400914FAE /* ArtistViewController.swift */; };
		B8AC3ACD1CDB818300914FAE /* lobsterDog.jpg in Resources */ = {isa = PBXBuildFile; fileRef = B8AC3ACC1CDB818300914FAE /* lobsterDog.jpg */; };
		B8C1D2951CDCDA310093758D /* ArtistHeaderView.swift in Sources */ = {isa = PBXBuildFile; fileRef = B8C1D2941CDCDA310093758D /* ArtistHeaderView.swift */; };
		B8C1D2971CDCDA640093758D /* ArtistHeaderView.xib in Resources */ = {isa = PBXBuildFile; fileRef = B8C1D2961CDCDA640093758D /* ArtistHeaderView.xib */; };
		E24CAE061CE5728700EDA744 /* Analysis.swift in Sources */ = {isa = PBXBuildFile; fileRef = E24CAE051CE5728700EDA744 /* Analysis.swift */; };
/* End PBXBuildFile section */

/* Begin PBXFileReference section */
		4F361AC5DD7EB886FAB24B84 /* Pods-spotifyMini.release.xcconfig */ = {isa = PBXFileReference; includeInIndex = 1; lastKnownFileType = text.xcconfig; name = "Pods-spotifyMini.release.xcconfig"; path = "Pods/Target Support Files/Pods-spotifyMini/Pods-spotifyMini.release.xcconfig"; sourceTree = "<group>"; };
		57E3AF3B2F75B3AF547C2A49 /* Pods-spotifyMini.debug.xcconfig */ = {isa = PBXFileReference; includeInIndex = 1; lastKnownFileType = text.xcconfig; name = "Pods-spotifyMini.debug.xcconfig"; path = "Pods/Target Support Files/Pods-spotifyMini/Pods-spotifyMini.debug.xcconfig"; sourceTree = "<group>"; };
		B81F7F9B1CDA99E30092F13D /* ArtistSearchTableViewController.swift */ = {isa = PBXFileReference; fileEncoding = 4; lastKnownFileType = sourcecode.swift; name = ArtistSearchTableViewController.swift; path = ViewControllers/Search/ArtistSearchTableViewController.swift; sourceTree = "<group>"; };
		B82462A31CE3C6AF009462F6 /* TrackAnalysis.swift */ = {isa = PBXFileReference; fileEncoding = 4; lastKnownFileType = sourcecode.swift; name = TrackAnalysis.swift; path = Models/TrackAnalysis.swift; sourceTree = "<group>"; };
		B84D372A1CDBB809006313C2 /* PopularTrackTableViewCell.swift */ = {isa = PBXFileReference; fileEncoding = 4; lastKnownFileType = sourcecode.swift; name = PopularTrackTableViewCell.swift; path = ViewControllers/Artist/PopularTrackTableViewCell.swift; sourceTree = "<group>"; };
		B84D372C1CDBB862006313C2 /* PopularTrackTableViewCell.xib */ = {isa = PBXFileReference; fileEncoding = 4; lastKnownFileType = file.xib; name = PopularTrackTableViewCell.xib; path = ViewControllers/Artist/PopularTrackTableViewCell.xib; sourceTree = "<group>"; };
		B87193211CE21C1000D17885 /* Artist.swift */ = {isa = PBXFileReference; fileEncoding = 4; lastKnownFileType = sourcecode.swift; name = Artist.swift; path = Models/Artist.swift; sourceTree = "<group>"; };
		B87193241CE2302E00D17885 /* SpotifyError.swift */ = {isa = PBXFileReference; fileEncoding = 4; lastKnownFileType = sourcecode.swift; path = SpotifyError.swift; sourceTree = "<group>"; };
		B8A639981CE1145F00F3D8C4 /* Spotify.swift */ = {isa = PBXFileReference; fileEncoding = 4; lastKnownFileType = sourcecode.swift; name = Spotify.swift; path = Utilities/Spotify.swift; sourceTree = "<group>"; };
		B8A7E0C71CDA4AB300E10028 /* spotifyMini.app */ = {isa = PBXFileReference; explicitFileType = wrapper.application; includeInIndex = 0; path = spotifyMini.app; sourceTree = BUILT_PRODUCTS_DIR; };
		B8A7E0CA1CDA4AB300E10028 /* AppDelegate.swift */ = {isa = PBXFileReference; lastKnownFileType = sourcecode.swift; path = AppDelegate.swift; sourceTree = "<group>"; };
		B8A7E0CF1CDA4AB300E10028 /* Base */ = {isa = PBXFileReference; lastKnownFileType = file.storyboard; name = Base; path = Base.lproj/Main.storyboard; sourceTree = "<group>"; };
		B8A7E0D11CDA4AB300E10028 /* Assets.xcassets */ = {isa = PBXFileReference; lastKnownFileType = folder.assetcatalog; path = Assets.xcassets; sourceTree = "<group>"; };
		B8A7E0D41CDA4AB300E10028 /* Base */ = {isa = PBXFileReference; lastKnownFileType = file.storyboard; name = Base; path = Base.lproj/LaunchScreen.storyboard; sourceTree = "<group>"; };
		B8A7E0D61CDA4AB300E10028 /* Info.plist */ = {isa = PBXFileReference; lastKnownFileType = text.plist.xml; path = Info.plist; sourceTree = "<group>"; };
		B8A7E0DE1CDA504D00E10028 /* spotifyMini-Bridging-Header.h */ = {isa = PBXFileReference; lastKnownFileType = sourcecode.c.h; path = "spotifyMini-Bridging-Header.h"; sourceTree = "<group>"; };
		B8A7E0E21CDA51AE00E10028 /* Spotify.framework */ = {isa = PBXFileReference; lastKnownFileType = wrapper.framework; path = Spotify.framework; sourceTree = "<group>"; };
		B8AC3ACA1CDB804400914FAE /* ArtistViewController.swift */ = {isa = PBXFileReference; fileEncoding = 4; lastKnownFileType = sourcecode.swift; name = ArtistViewController.swift; path = ViewControllers/Artist/ArtistViewController.swift; sourceTree = "<group>"; };
		B8AC3ACC1CDB818300914FAE /* lobsterDog.jpg */ = {isa = PBXFileReference; lastKnownFileType = image.jpeg; path = lobsterDog.jpg; sourceTree = "<group>"; };
		B8C1D2941CDCDA310093758D /* ArtistHeaderView.swift */ = {isa = PBXFileReference; fileEncoding = 4; lastKnownFileType = sourcecode.swift; name = ArtistHeaderView.swift; path = ViewControllers/Artist/ArtistHeaderView.swift; sourceTree = "<group>"; };
		B8C1D2961CDCDA640093758D /* ArtistHeaderView.xib */ = {isa = PBXFileReference; fileEncoding = 4; lastKnownFileType = file.xib; name = ArtistHeaderView.xib; path = ViewControllers/Artist/ArtistHeaderView.xib; sourceTree = "<group>"; };
		E1500CA6C361146D1E72F80A /* Pods_spotifyMini.framework */ = {isa = PBXFileReference; explicitFileType = wrapper.framework; includeInIndex = 0; path = Pods_spotifyMini.framework; sourceTree = BUILT_PRODUCTS_DIR; };
		E24CAE051CE5728700EDA744 /* Analysis.swift */ = {isa = PBXFileReference; fileEncoding = 4; lastKnownFileType = sourcecode.swift; name = Analysis.swift; path = Models/Analysis.swift; sourceTree = "<group>"; };
/* End PBXFileReference section */

/* Begin PBXFrameworksBuildPhase section */
		B8A7E0C41CDA4AB300E10028 /* Frameworks */ = {
			isa = PBXFrameworksBuildPhase;
			buildActionMask = 2147483647;
			files = (
				B8A7E0E31CDA51AE00E10028 /* Spotify.framework in Frameworks */,
				94BAC76211553E5068AFA487 /* Pods_spotifyMini.framework in Frameworks */,
			);
			runOnlyForDeploymentPostprocessing = 0;
		};
/* End PBXFrameworksBuildPhase section */

/* Begin PBXGroup section */
		02E7EB571D334324167FCC51 /* Pods */ = {
			isa = PBXGroup;
			children = (
				57E3AF3B2F75B3AF547C2A49 /* Pods-spotifyMini.debug.xcconfig */,
				4F361AC5DD7EB886FAB24B84 /* Pods-spotifyMini.release.xcconfig */,
			);
			name = Pods;
			sourceTree = "<group>";
		};
		A7DCE2BFA6AA44BCA361CDD8 /* Frameworks */ = {
			isa = PBXGroup;
			children = (
				B8A7E0E21CDA51AE00E10028 /* Spotify.framework */,
				E1500CA6C361146D1E72F80A /* Pods_spotifyMini.framework */,
			);
			name = Frameworks;
			sourceTree = "<group>";
		};
		B87193231CE21C1900D17885 /* Models */ = {
			isa = PBXGroup;
			children = (
				B87193211CE21C1000D17885 /* Artist.swift */,
				B82462A31CE3C6AF009462F6 /* TrackAnalysis.swift */,
				E24CAE051CE5728700EDA744 /* Analysis.swift */,
			);
			name = Models;
			sourceTree = "<group>";
		};
		B8A6399A1CE1146600F3D8C4 /* Utilities */ = {
			isa = PBXGroup;
			children = (
				B8A639981CE1145F00F3D8C4 /* Spotify.swift */,
				B87193241CE2302E00D17885 /* SpotifyError.swift */,
			);
			name = Utilities;
			sourceTree = "<group>";
		};
		B8A7E0BE1CDA4AB300E10028 = {
			isa = PBXGroup;
			children = (
				B8A7E0C91CDA4AB300E10028 /* spotifyMini */,
				B8A7E0C81CDA4AB300E10028 /* Products */,
				A7DCE2BFA6AA44BCA361CDD8 /* Frameworks */,
				02E7EB571D334324167FCC51 /* Pods */,
			);
			sourceTree = "<group>";
		};
		B8A7E0C81CDA4AB300E10028 /* Products */ = {
			isa = PBXGroup;
			children = (
				B8A7E0C71CDA4AB300E10028 /* spotifyMini.app */,
			);
			name = Products;
			sourceTree = "<group>";
		};
		B8A7E0C91CDA4AB300E10028 /* spotifyMini */ = {
			isa = PBXGroup;
			children = (
				B8A7E0CA1CDA4AB300E10028 /* AppDelegate.swift */,
				B87193231CE21C1900D17885 /* Models */,
				B8A6399A1CE1146600F3D8C4 /* Utilities */,
				B8C1D2991CDCDA8F0093758D /* ViewControllers */,
				B8A7E0CE1CDA4AB300E10028 /* Main.storyboard */,
				B8AC3ACC1CDB818300914FAE /* lobsterDog.jpg */,
				B8A7E0D11CDA4AB300E10028 /* Assets.xcassets */,
				B8A7E0D31CDA4AB300E10028 /* LaunchScreen.storyboard */,
				B8A7E0D61CDA4AB300E10028 /* Info.plist */,
				B8A7E0DE1CDA504D00E10028 /* spotifyMini-Bridging-Header.h */,
			);
			path = spotifyMini;
			sourceTree = "<group>";
		};
		B8C1D2981CDCDA840093758D /* Artist */ = {
			isa = PBXGroup;
			children = (
				B8AC3ACA1CDB804400914FAE /* ArtistViewController.swift */,
				B8C1D2941CDCDA310093758D /* ArtistHeaderView.swift */,
				B8C1D2961CDCDA640093758D /* ArtistHeaderView.xib */,
				B84D372A1CDBB809006313C2 /* PopularTrackTableViewCell.swift */,
				B84D372C1CDBB862006313C2 /* PopularTrackTableViewCell.xib */,
			);
			name = Artist;
			sourceTree = "<group>";
		};
		B8C1D2991CDCDA8F0093758D /* ViewControllers */ = {
			isa = PBXGroup;
			children = (
				B8DDDE871CDD25D8004998E4 /* Search */,
				B8C1D2981CDCDA840093758D /* Artist */,
			);
			name = ViewControllers;
			sourceTree = "<group>";
		};
		B8DDDE871CDD25D8004998E4 /* Search */ = {
			isa = PBXGroup;
			children = (
				B81F7F9B1CDA99E30092F13D /* ArtistSearchTableViewController.swift */,
			);
			name = Search;
			sourceTree = "<group>";
		};
/* End PBXGroup section */

/* Begin PBXNativeTarget section */
		B8A7E0C61CDA4AB300E10028 /* spotifyMini */ = {
			isa = PBXNativeTarget;
			buildConfigurationList = B8A7E0D91CDA4AB300E10028 /* Build configuration list for PBXNativeTarget "spotifyMini" */;
			buildPhases = (
				5D705ACAD52B684113BFA7BA /* 📦 Check Pods Manifest.lock */,
				B8A7E0C31CDA4AB300E10028 /* Sources */,
				B8A7E0C41CDA4AB300E10028 /* Frameworks */,
				B8A7E0C51CDA4AB300E10028 /* Resources */,
				8AA0F6B3458BDB89933C08AE /* 📦 Embed Pods Frameworks */,
				78A955895E43AB9109CC74E3 /* 📦 Copy Pods Resources */,
				2F1749D6F5D0A0FA9716E27C /* Embed Pods Frameworks */,
			);
			buildRules = (
			);
			dependencies = (
			);
			name = spotifyMini;
			productName = spotifyMini;
			productReference = B8A7E0C71CDA4AB300E10028 /* spotifyMini.app */;
			productType = "com.apple.product-type.application";
		};
/* End PBXNativeTarget section */

/* Begin PBXProject section */
		B8A7E0BF1CDA4AB300E10028 /* Project object */ = {
			isa = PBXProject;
			attributes = {
				LastSwiftUpdateCheck = 0730;
				LastUpgradeCheck = 0730;
				ORGANIZATIONNAME = intrepid;
				TargetAttributes = {
					B8A7E0C61CDA4AB300E10028 = {
						CreatedOnToolsVersion = 7.3;
						DevelopmentTeam = T2FHST7LZF;
					};
				};
			};
			buildConfigurationList = B8A7E0C21CDA4AB300E10028 /* Build configuration list for PBXProject "spotifyMini" */;
			compatibilityVersion = "Xcode 3.2";
			developmentRegion = English;
			hasScannedForEncodings = 0;
			knownRegions = (
				en,
				Base,
			);
			mainGroup = B8A7E0BE1CDA4AB300E10028;
			productRefGroup = B8A7E0C81CDA4AB300E10028 /* Products */;
			projectDirPath = "";
			projectRoot = "";
			targets = (
				B8A7E0C61CDA4AB300E10028 /* spotifyMini */,
			);
		};
/* End PBXProject section */

/* Begin PBXResourcesBuildPhase section */
		B8A7E0C51CDA4AB300E10028 /* Resources */ = {
			isa = PBXResourcesBuildPhase;
			buildActionMask = 2147483647;
			files = (
				B84D372D1CDBB862006313C2 /* PopularTrackTableViewCell.xib in Resources */,
				B8A7E0D51CDA4AB300E10028 /* LaunchScreen.storyboard in Resources */,
				B8C1D2971CDCDA640093758D /* ArtistHeaderView.xib in Resources */,
				B8A7E0D21CDA4AB300E10028 /* Assets.xcassets in Resources */,
				B8AC3ACD1CDB818300914FAE /* lobsterDog.jpg in Resources */,
				B8A7E0D01CDA4AB300E10028 /* Main.storyboard in Resources */,
			);
			runOnlyForDeploymentPostprocessing = 0;
		};
/* End PBXResourcesBuildPhase section */

/* Begin PBXShellScriptBuildPhase section */
		2F1749D6F5D0A0FA9716E27C /* Embed Pods Frameworks */ = {
			isa = PBXShellScriptBuildPhase;
			buildActionMask = 2147483647;
			files = (
			);
			inputPaths = (
			);
			name = "Embed Pods Frameworks";
			outputPaths = (
			);
			runOnlyForDeploymentPostprocessing = 0;
			shellPath = /bin/sh;
			shellScript = "\"${SRCROOT}/Pods/Target Support Files/Pods-spotifyMini/Pods-spotifyMini-frameworks.sh\"\n";
			showEnvVarsInLog = 0;
		};
		5D705ACAD52B684113BFA7BA /* 📦 Check Pods Manifest.lock */ = {
			isa = PBXShellScriptBuildPhase;
			buildActionMask = 2147483647;
			files = (
			);
			inputPaths = (
			);
			name = "📦 Check Pods Manifest.lock";
			outputPaths = (
			);
			runOnlyForDeploymentPostprocessing = 0;
			shellPath = /bin/sh;
			shellScript = "diff \"${PODS_ROOT}/../Podfile.lock\" \"${PODS_ROOT}/Manifest.lock\" > /dev/null\nif [[ $? != 0 ]] ; then\n    cat << EOM\nerror: The sandbox is not in sync with the Podfile.lock. Run 'pod install' or update your CocoaPods installation.\nEOM\n    exit 1\nfi\n";
			showEnvVarsInLog = 0;
		};
		78A955895E43AB9109CC74E3 /* 📦 Copy Pods Resources */ = {
			isa = PBXShellScriptBuildPhase;
			buildActionMask = 2147483647;
			files = (
			);
			inputPaths = (
			);
			name = "📦 Copy Pods Resources";
			outputPaths = (
			);
			runOnlyForDeploymentPostprocessing = 0;
			shellPath = /bin/sh;
			shellScript = "\"${SRCROOT}/Pods/Target Support Files/Pods-spotifyMini/Pods-spotifyMini-resources.sh\"\n";
			showEnvVarsInLog = 0;
		};
		8AA0F6B3458BDB89933C08AE /* 📦 Embed Pods Frameworks */ = {
			isa = PBXShellScriptBuildPhase;
			buildActionMask = 2147483647;
			files = (
			);
			inputPaths = (
			);
			name = "📦 Embed Pods Frameworks";
			outputPaths = (
			);
			runOnlyForDeploymentPostprocessing = 0;
			shellPath = /bin/sh;
			shellScript = "\"${SRCROOT}/Pods/Target Support Files/Pods-spotifyMini/Pods-spotifyMini-frameworks.sh\"\n";
			showEnvVarsInLog = 0;
		};
/* End PBXShellScriptBuildPhase section */

/* Begin PBXSourcesBuildPhase section */
		B8A7E0C31CDA4AB300E10028 /* Sources */ = {
			isa = PBXSourcesBuildPhase;
			buildActionMask = 2147483647;
			files = (
				B87193251CE2302E00D17885 /* SpotifyError.swift in Sources */,
				B8A639991CE1145F00F3D8C4 /* Spotify.swift in Sources */,
				B8C1D2951CDCDA310093758D /* ArtistHeaderView.swift in Sources */,
				B81F7F9C1CDA99E30092F13D /* ArtistSearchTableViewController.swift in Sources */,
				E24CAE061CE5728700EDA744 /* Analysis.swift in Sources */,
				B82462A41CE3C6AF009462F6 /* TrackAnalysis.swift in Sources */,
				B84D372B1CDBB809006313C2 /* PopularTrackTableViewCell.swift in Sources */,
				B8A7E0CB1CDA4AB300E10028 /* AppDelegate.swift in Sources */,
				B8AC3ACB1CDB804400914FAE /* ArtistViewController.swift in Sources */,
				B87193221CE21C1000D17885 /* Artist.swift in Sources */,
			);
			runOnlyForDeploymentPostprocessing = 0;
		};
/* End PBXSourcesBuildPhase section */

/* Begin PBXVariantGroup section */
		B8A7E0CE1CDA4AB300E10028 /* Main.storyboard */ = {
			isa = PBXVariantGroup;
			children = (
				B8A7E0CF1CDA4AB300E10028 /* Base */,
			);
			name = Main.storyboard;
			sourceTree = "<group>";
		};
		B8A7E0D31CDA4AB300E10028 /* LaunchScreen.storyboard */ = {
			isa = PBXVariantGroup;
			children = (
				B8A7E0D41CDA4AB300E10028 /* Base */,
			);
			name = LaunchScreen.storyboard;
			sourceTree = "<group>";
		};
/* End PBXVariantGroup section */

/* Begin XCBuildConfiguration section */
		B8A7E0D71CDA4AB300E10028 /* Debug */ = {
			isa = XCBuildConfiguration;
			buildSettings = {
				ALWAYS_SEARCH_USER_PATHS = NO;
				CLANG_ANALYZER_NONNULL = YES;
				CLANG_CXX_LANGUAGE_STANDARD = "gnu++0x";
				CLANG_CXX_LIBRARY = "libc++";
				CLANG_ENABLE_MODULES = YES;
				CLANG_ENABLE_OBJC_ARC = YES;
				CLANG_WARN_BOOL_CONVERSION = YES;
				CLANG_WARN_CONSTANT_CONVERSION = YES;
				CLANG_WARN_DIRECT_OBJC_ISA_USAGE = YES_ERROR;
				CLANG_WARN_EMPTY_BODY = YES;
				CLANG_WARN_ENUM_CONVERSION = YES;
				CLANG_WARN_INT_CONVERSION = YES;
				CLANG_WARN_OBJC_ROOT_CLASS = YES_ERROR;
				CLANG_WARN_UNREACHABLE_CODE = YES;
				CLANG_WARN__DUPLICATE_METHOD_MATCH = YES;
				"CODE_SIGN_IDENTITY[sdk=iphoneos*]" = "iPhone Developer";
				COPY_PHASE_STRIP = NO;
				DEBUG_INFORMATION_FORMAT = dwarf;
				ENABLE_STRICT_OBJC_MSGSEND = YES;
				ENABLE_TESTABILITY = YES;
				GCC_C_LANGUAGE_STANDARD = gnu99;
				GCC_DYNAMIC_NO_PIC = NO;
				GCC_NO_COMMON_BLOCKS = YES;
				GCC_OPTIMIZATION_LEVEL = 0;
				GCC_PREPROCESSOR_DEFINITIONS = (
					"DEBUG=1",
					"$(inherited)",
				);
				GCC_WARN_64_TO_32_BIT_CONVERSION = YES;
				GCC_WARN_ABOUT_RETURN_TYPE = YES_ERROR;
				GCC_WARN_UNDECLARED_SELECTOR = YES;
				GCC_WARN_UNINITIALIZED_AUTOS = YES_AGGRESSIVE;
				GCC_WARN_UNUSED_FUNCTION = YES;
				GCC_WARN_UNUSED_VARIABLE = YES;
				IPHONEOS_DEPLOYMENT_TARGET = 9.3;
				MTL_ENABLE_DEBUG_INFO = YES;
				ONLY_ACTIVE_ARCH = YES;
				SDKROOT = iphoneos;
				SWIFT_OPTIMIZATION_LEVEL = "-Onone";
			};
			name = Debug;
		};
		B8A7E0D81CDA4AB300E10028 /* Release */ = {
			isa = XCBuildConfiguration;
			buildSettings = {
				ALWAYS_SEARCH_USER_PATHS = NO;
				CLANG_ANALYZER_NONNULL = YES;
				CLANG_CXX_LANGUAGE_STANDARD = "gnu++0x";
				CLANG_CXX_LIBRARY = "libc++";
				CLANG_ENABLE_MODULES = YES;
				CLANG_ENABLE_OBJC_ARC = YES;
				CLANG_WARN_BOOL_CONVERSION = YES;
				CLANG_WARN_CONSTANT_CONVERSION = YES;
				CLANG_WARN_DIRECT_OBJC_ISA_USAGE = YES_ERROR;
				CLANG_WARN_EMPTY_BODY = YES;
				CLANG_WARN_ENUM_CONVERSION = YES;
				CLANG_WARN_INT_CONVERSION = YES;
				CLANG_WARN_OBJC_ROOT_CLASS = YES_ERROR;
				CLANG_WARN_UNREACHABLE_CODE = YES;
				CLANG_WARN__DUPLICATE_METHOD_MATCH = YES;
				"CODE_SIGN_IDENTITY[sdk=iphoneos*]" = "iPhone Developer";
				COPY_PHASE_STRIP = NO;
				DEBUG_INFORMATION_FORMAT = "dwarf-with-dsym";
				ENABLE_NS_ASSERTIONS = NO;
				ENABLE_STRICT_OBJC_MSGSEND = YES;
				GCC_C_LANGUAGE_STANDARD = gnu99;
				GCC_NO_COMMON_BLOCKS = YES;
				GCC_WARN_64_TO_32_BIT_CONVERSION = YES;
				GCC_WARN_ABOUT_RETURN_TYPE = YES_ERROR;
				GCC_WARN_UNDECLARED_SELECTOR = YES;
				GCC_WARN_UNINITIALIZED_AUTOS = YES_AGGRESSIVE;
				GCC_WARN_UNUSED_FUNCTION = YES;
				GCC_WARN_UNUSED_VARIABLE = YES;
				IPHONEOS_DEPLOYMENT_TARGET = 9.3;
				MTL_ENABLE_DEBUG_INFO = NO;
				SDKROOT = iphoneos;
				VALIDATE_PRODUCT = YES;
			};
			name = Release;
		};
		B8A7E0DA1CDA4AB300E10028 /* Debug */ = {
			isa = XCBuildConfiguration;
			baseConfigurationReference = 57E3AF3B2F75B3AF547C2A49 /* Pods-spotifyMini.debug.xcconfig */;
			buildSettings = {
				ASSETCATALOG_COMPILER_APPICON_NAME = AppIcon;
				CLANG_ENABLE_MODULES = YES;
				CODE_SIGN_IDENTITY = "iPhone Developer";
				"CODE_SIGN_IDENTITY[sdk=iphoneos*]" = "iPhone Developer";
				FRAMEWORK_SEARCH_PATHS = (
					"$(inherited)",
					"$(PROJECT_DIR)",
				);
				INFOPLIST_FILE = spotifyMini/Info.plist;
				IPHONEOS_DEPLOYMENT_TARGET = 9.3;
				LD_RUNPATH_SEARCH_PATHS = "$(inherited) @executable_path/Frameworks";
				OTHER_LDFLAGS = (
					"$(inherited)",
					"-framework",
					"\"IP_UIKit_Wisdom\"",
					"-framework",
					"\"Intrepid\"",
					"-ObjC",
				);
				PRODUCT_BUNDLE_IDENTIFIER = com.tomalley.spotifyMini;
				PRODUCT_NAME = "$(TARGET_NAME)";
				PROVISIONING_PROFILE = "";
				SWIFT_OBJC_BRIDGING_HEADER = "spotifyMini/spotifyMini-Bridging-Header.h";
				SWIFT_OPTIMIZATION_LEVEL = "-Onone";
			};
			name = Debug;
		};
		B8A7E0DB1CDA4AB300E10028 /* Release */ = {
			isa = XCBuildConfiguration;
			baseConfigurationReference = 4F361AC5DD7EB886FAB24B84 /* Pods-spotifyMini.release.xcconfig */;
			buildSettings = {
				ASSETCATALOG_COMPILER_APPICON_NAME = AppIcon;
				CLANG_ENABLE_MODULES = YES;
				CODE_SIGN_IDENTITY = "iPhone Developer";
				"CODE_SIGN_IDENTITY[sdk=iphoneos*]" = "iPhone Developer";
				FRAMEWORK_SEARCH_PATHS = (
					"$(inherited)",
					"$(PROJECT_DIR)",
				);
				INFOPLIST_FILE = spotifyMini/Info.plist;
				IPHONEOS_DEPLOYMENT_TARGET = 9.3;
				LD_RUNPATH_SEARCH_PATHS = "$(inherited) @executable_path/Frameworks";
				OTHER_LDFLAGS = (
					"$(inherited)",
					"-framework",
					"\"IP_UIKit_Wisdom\"",
					"-framework",
					"\"Intrepid\"",
					"-ObjC",
				);
				PRODUCT_BUNDLE_IDENTIFIER = com.tomalley.spotifyMini;
				PRODUCT_NAME = "$(TARGET_NAME)";
				PROVISIONING_PROFILE = "";
				SWIFT_OBJC_BRIDGING_HEADER = "spotifyMini/spotifyMini-Bridging-Header.h";
			};
			name = Release;
		};
/* End XCBuildConfiguration section */

/* Begin XCConfigurationList section */
		B8A7E0C21CDA4AB300E10028 /* Build configuration list for PBXProject "spotifyMini" */ = {
			isa = XCConfigurationList;
			buildConfigurations = (
				B8A7E0D71CDA4AB300E10028 /* Debug */,
				B8A7E0D81CDA4AB300E10028 /* Release */,
			);
			defaultConfigurationIsVisible = 0;
			defaultConfigurationName = Release;
		};
		B8A7E0D91CDA4AB300E10028 /* Build configuration list for PBXNativeTarget "spotifyMini" */ = {
			isa = XCConfigurationList;
			buildConfigurations = (
				B8A7E0DA1CDA4AB300E10028 /* Debug */,
				B8A7E0DB1CDA4AB300E10028 /* Release */,
			);
			defaultConfigurationIsVisible = 0;
			defaultConfigurationName = Release;
		};
/* End XCConfigurationList section */
	};
	rootObject = B8A7E0BF1CDA4AB300E10028 /* Project object */;
}
